
Microsoft Visual Studio Solution File, Format Version 12.00
# Visual Studio Version 16
VisualStudioVersion = 16.0.29306.81
MinimumVisualStudioVersion = 10.0.40219.1
Project("{9A19103F-16F7-4668-BE54-9A1E7A4F7556}") = "application.API", "application.API.csproj", "{C14FE5FE-3296-4681-8BDA-2CD9AEED96B1}"
EndProject
Global
	GlobalSection(SolutionConfigurationPlatforms) = preSolution
		Debug|Any CPU = Debug|Any CPU
		Release|Any CPU = Release|Any CPU
	EndGlobalSection
	GlobalSection(ProjectConfigurationPlatforms) = postSolution
		{C14FE5FE-3296-4681-8BDA-2CD9AEED96B1}.Debug|Any CPU.ActiveCfg = Debug|Any CPU
		{C14FE5FE-3296-4681-8BDA-2CD9AEED96B1}.Debug|Any CPU.Build.0 = Debug|Any CPU
		{C14FE5FE-3296-4681-8BDA-2CD9AEED96B1}.Release|Any CPU.ActiveCfg = Release|Any CPU
		{C14FE5FE-3296-4681-8BDA-2CD9AEED96B1}.Release|Any CPU.Build.0 = Release|Any CPU
	EndGlobalSection
	GlobalSection(SolutionProperties) = preSolution
		HideSolutionNode = FALSE
	EndGlobalSection
	GlobalSection(ExtensibilityGlobals) = postSolution
		SolutionGuid = {7A9CD330-45FF-4769-8634-CFCBC2379D60}
	EndGlobalSection
EndGlobal
